# This file is automatically @generated by Cargo.
# It is not intended for manual editing.
version = 3

[[package]]
name = "imaging_fractals"
version = "0.1.0"
dependencies = [
 "ppmitzador",
]

[[package]]
name = "ppmitzador"
version = "0.1.0"
source = "git+ssh://git@ilsrv.com:6722/Amat/ppmitzador.git#018ab313edfe0cc146fed05b1dcf9d59ce8379be"
